Microsoft Visual Studio Solution File, Format Version 11.00
# Visual Studio 2008

Project("{C40C55FB-6C7A-9FC5-C11D-8E06DF7BB4DB}") = "PathMaker_unity", "Assembly-CSharp.csproj", "{DF78BE31-4920-D1DA-7707-F3E1E27B0DA2}"
EndProject
Global
	GlobalSection(SolutionConfigurationPlatforms) = preSolution
		Debug|Any CPU = Debug|Any CPU
		Release|Any CPU = Release|Any CPU
	EndGlobalSection
	GlobalSection(ProjectConfigurationPlatforms) = postSolution
		{DF78BE31-4920-D1DA-7707-F3E1E27B0DA2}.Debug|Any CPU.ActiveCfg = Debug|Any CPU
		{DF78BE31-4920-D1DA-7707-F3E1E27B0DA2}.Debug|Any CPU.Build.0 = Debug|Any CPU
		{DF78BE31-4920-D1DA-7707-F3E1E27B0DA2}.Release|Any CPU.ActiveCfg = Release|Any CPU
		{DF78BE31-4920-D1DA-7707-F3E1E27B0DA2}.Release|Any CPU.Build.0 = Release|Any CPU
	EndGlobalSection
	GlobalSection(SolutionProperties) = preSolution
		HideSolutionNode = FALSE
	EndGlobalSection
	GlobalSection(MonoDevelopProperties) = preSolution
		StartupItem = Assembly-CSharp.csproj
	EndGlobalSection
EndGlobal
